<?xml version="1.0" encoding="utf-8"?>
<Project ToolsVersion="4.0" xmlns="http://schemas.microsoft.com/developer/msbuild/2003">
  <ItemGroup>
    <Filter Include="Source Files">
      <UniqueIdentifier>{4FC737F1-C7A5-4376-A066-2A32D752A2FF}</UniqueIdentifier>
      <Extensions>cpp;c;cc;cxx;def;odl;idl;hpj;bat;asm;asmx</Extensions>
    </Filter>
    <Filter Include="Header Files">
      <UniqueIdentifier>{93995380-89BD-4b04-88EB-625FBE52EBFB}</UniqueIdentifier>
      <Extensions>h;hpp;hxx;hm;inl;inc;xsd</Extensions>
    </Filter>
    <Filter Include="Resource Files">
      <UniqueIdentifier>{67DA6AB6-F800-4c08-8B7A-83BB121AAD01}</UniqueIdentifier>
      <Extensions>rc;ico;cur;bmp;dlg;rc2;rct;bin;rgs;gif;jpg;jpeg;jpe;resx;tiff;tif;png;wav;mfcribbon-ms</Extensions>
    </Filter>
  </ItemGroup>
  <ItemGroup>
    <None Include="small.ico">
      <Filter>Resource Files</Filter>
    </None>
    <None Include="underground-survivor.ico">
      <Filter>Resource Files</Filter>
    </None>
  </ItemGroup>
  <ItemGroup>
    <ClInclude Include="include\AnimatedSprite.h">
      <Filter>Header Files</Filter>
    </ClInclude>
    <ClInclude Include="include\AnimationLoader.h">
      <Filter>Header Files</Filter>
    </ClInclude>
    <ClInclude Include="include\Application.h">
      <Filter>Header Files</Filter>
    </ClInclude>
    <ClInclude Include="include\Attributes.h">
      <Filter>Header Files</Filter>
    </ClInclude>
    <ClInclude Include="include\Background.h">
      <Filter>Header Files</Filter>
    </ClInclude>
    <ClInclude Include="include\Boundary.h">
      <Filter>Header Files</Filter>
    </ClInclude>
    <ClInclude Include="include\BoundaryManager.h">
      <Filter>Header Files</Filter>
    </ClInclude>
    <ClInclude Include="include\BoundingBox.h">
      <Filter>Header Files</Filter>
    </ClInclude>
    <ClInclude Include="include\Bullet.h">
      <Filter>Header Files</Filter>
    </ClInclude>
    <ClInclude Include="include\BulletFactory.h">
      <Filter>Header Files</Filter>
    </ClInclude>
    <ClInclude Include="include\Button.h">
      <Filter>Header Files</Filter>
    </ClInclude>
    <ClInclude Include="include\Character.h">
      <Filter>Header Files</Filter>
    </ClInclude>
    <ClInclude Include="include\Collisiable.h">
      <Filter>Header Files</Filter>
    </ClInclude>
    <ClInclude Include="include\CollisionDetector.h">
      <Filter>Header Files</Filter>
    </ClInclude>
    <ClInclude Include="include\Colour.h">
      <Filter>Header Files</Filter>
    </ClInclude>
    <ClInclude Include="include\Enemy.h">
      <Filter>Header Files</Filter>
    </ClInclude>
    <ClInclude Include="include\EnemyGraphicRepresentation.h">
      <Filter>Header Files</Filter>
    </ClInclude>
    <ClInclude Include="include\EnergyBar.h">
      <Filter>Header Files</Filter>
    </ClInclude>
    <ClInclude Include="include\Exception.h">
      <Filter>Header Files</Filter>
    </ClInclude>
    <ClInclude Include="include\FourthWaveSettings.h">
      <Filter>Header Files</Filter>
    </ClInclude>
    <ClInclude Include="include\GameFont.h">
      <Filter>Header Files</Filter>
    </ClInclude>
    <ClInclude Include="include\GameSettings.h">
      <Filter>Header Files</Filter>
    </ClInclude>
    <ClInclude Include="include\GameState.h">
      <Filter>Header Files</Filter>
    </ClInclude>
    <ClInclude Include="include\GameWorld.h">
      <Filter>Header Files</Filter>
    </ClInclude>
    <ClInclude Include="include\GraphicRepresentation.h">
      <Filter>Header Files</Filter>
    </ClInclude>
    <ClInclude Include="include\Image.h">
      <Filter>Header Files</Filter>
    </ClInclude>
    <ClInclude Include="include\ImageList.h">
      <Filter>Header Files</Filter>
    </ClInclude>
    <ClInclude Include="include\InvertedBoundingBox.h">
      <Filter>Header Files</Filter>
    </ClInclude>
    <ClInclude Include="include\List.h">
      <Filter>Header Files</Filter>
    </ClInclude>
    <ClInclude Include="include\Location.h">
      <Filter>Header Files</Filter>
    </ClInclude>
    <ClInclude Include="include\MainPlayerStatusPanel.h">
      <Filter>Header Files</Filter>
    </ClInclude>
    <ClInclude Include="include\MainWindow.h">
      <Filter>Header Files</Filter>
    </ClInclude>
    <ClInclude Include="include\MenuState.h">
      <Filter>Header Files</Filter>
    </ClInclude>
    <ClInclude Include="include\Panel.h">
      <Filter>Header Files</Filter>
    </ClInclude>
    <ClInclude Include="include\Pistol.h">
      <Filter>Header Files</Filter>
    </ClInclude>
    <ClInclude Include="include\Player.h">
      <Filter>Header Files</Filter>
    </ClInclude>
    <ClInclude Include="include\PlayerGraphicRepresentation.h">
      <Filter>Header Files</Filter>
    </ClInclude>
    <ClInclude Include="include\PlayState.h">
      <Filter>Header Files</Filter>
    </ClInclude>
    <ClInclude Include="include\Rectangle.h">
      <Filter>Header Files</Filter>
    </ClInclude>
    <ClInclude Include="include\Renderable.h">
      <Filter>Header Files</Filter>
    </ClInclude>
    <ClInclude Include="include\StateManager.h">
      <Filter>Header Files</Filter>
    </ClInclude>
    <ClInclude Include="include\stdafx.h">
      <Filter>Header Files</Filter>
    </ClInclude>
    <ClInclude Include="include\targetver.h">
      <Filter>Header Files</Filter>
    </ClInclude>
    <ClInclude Include="include\TextControl.h">
      <Filter>Header Files</Filter>
    </ClInclude>
    <ClInclude Include="include\Texture.h">
      <Filter>Header Files</Filter>
    </ClInclude>
    <ClInclude Include="include\TextureManager.h">
      <Filter>Header Files</Filter>
    </ClInclude>
    <ClInclude Include="include\ThirdWaveSettings.h">
      <Filter>Header Files</Filter>
    </ClInclude>
    <ClInclude Include="include\Timer.h">
      <Filter>Header Files</Filter>
    </ClInclude>
    <ClInclude Include="include\Wave.h">
      <Filter>Header Files</Filter>
    </ClInclude>
    <ClInclude Include="include\Wave1to5.h">
      <Filter>Header Files</Filter>
    </ClInclude>
    <ClInclude Include="include\Wave6to10.h">
      <Filter>Header Files</Filter>
    </ClInclude>
    <ClInclude Include="include\WaveManager.h">
      <Filter>Header Files</Filter>
    </ClInclude>
    <ClInclude Include="include\Weapon.h">
      <Filter>Header Files</Filter>
    </ClInclude>
    <ClInclude Include="include\Zombie.h">
      <Filter>Header Files</Filter>
    </ClInclude>
    <ClInclude Include="include\ZombieGraphicRepresentation.h">
      <Filter>Header Files</Filter>
    </ClInclude>
  </ItemGroup>
  <ItemGroup>
    <ClCompile Include="source\AnimatedSprite.cpp">
      <Filter>Source Files</Filter>
    </ClCompile>
    <ClCompile Include="source\AnimationLoader.cpp">
      <Filter>Source Files</Filter>
    </ClCompile>
    <ClCompile Include="source\Application.cpp">
      <Filter>Source Files</Filter>
    </ClCompile>
    <ClCompile Include="source\Attributes.cpp">
      <Filter>Source Files</Filter>
    </ClCompile>
    <ClCompile Include="source\Background.cpp">
      <Filter>Source Files</Filter>
    </ClCompile>
    <ClCompile Include="source\BoundaryManager.cpp">
      <Filter>Source Files</Filter>
    </ClCompile>
    <ClCompile Include="source\BoundingBox.cpp">
      <Filter>Source Files</Filter>
    </ClCompile>
    <ClCompile Include="source\Bullet.cpp">
      <Filter>Source Files</Filter>
    </ClCompile>
    <ClCompile Include="source\BulletFactory.cpp">
      <Filter>Source Files</Filter>
    </ClCompile>
    <ClCompile Include="source\Button.cpp">
      <Filter>Source Files</Filter>
    </ClCompile>
    <ClCompile Include="source\Character.cpp">
      <Filter>Source Files</Filter>
    </ClCompile>
    <ClCompile Include="source\CollisionDetector.cpp">
      <Filter>Source Files</Filter>
    </ClCompile>
    <ClCompile Include="source\EnemyGraphicRepresentation.cpp">
      <Filter>Source Files</Filter>
    </ClCompile>
    <ClCompile Include="source\EnergyBar.cpp">
      <Filter>Source Files</Filter>
    </ClCompile>
    <ClCompile Include="source\Event.cpp">
      <Filter>Source Files</Filter>
    </ClCompile>
    <ClCompile Include="source\GameFont.cpp">
      <Filter>Source Files</Filter>
    </ClCompile>
    <ClCompile Include="source\GameSettings.cpp">
      <Filter>Source Files</Filter>
    </ClCompile>
    <ClCompile Include="source\GameState.cpp">
      <Filter>Source Files</Filter>
    </ClCompile>
    <ClCompile Include="source\GameWorld.cpp">
      <Filter>Source Files</Filter>
    </ClCompile>
    <ClCompile Include="source\GraphicRepresentation.cpp">
      <Filter>Source Files</Filter>
    </ClCompile>
    <ClCompile Include="source\Image.cpp">
      <Filter>Source Files</Filter>
    </ClCompile>
    <ClCompile Include="source\ImageList.cpp">
      <Filter>Source Files</Filter>
    </ClCompile>
    <ClCompile Include="source\InvertedBoundingBox.cpp">
      <Filter>Source Files</Filter>
    </ClCompile>
    <ClCompile Include="source\List.cpp">
      <Filter>Source Files</Filter>
    </ClCompile>
    <ClCompile Include="source\main.cpp">
      <Filter>Source Files</Filter>
    </ClCompile>
    <ClCompile Include="source\MainPlayerStatusPanel.cpp">
      <Filter>Source Files</Filter>
    </ClCompile>
    <ClCompile Include="source\MainWindow.cpp">
      <Filter>Source Files</Filter>
    </ClCompile>
    <ClCompile Include="source\MenuState.cpp">
      <Filter>Source Files</Filter>
    </ClCompile>
    <ClCompile Include="source\Panel.cpp">
      <Filter>Source Files</Filter>
    </ClCompile>
    <ClCompile Include="source\Pistol.cpp">
      <Filter>Source Files</Filter>
    </ClCompile>
    <ClCompile Include="source\Player.cpp">
      <Filter>Source Files</Filter>
    </ClCompile>
    <ClCompile Include="source\PlayerGraphicRepresentation.cpp">
      <Filter>Source Files</Filter>
    </ClCompile>
    <ClCompile Include="source\PlayState.cpp">
      <Filter>Source Files</Filter>
    </ClCompile>
    <ClCompile Include="source\StateManager.cpp">
      <Filter>Source Files</Filter>
    </ClCompile>
    <ClCompile Include="source\stdafx.cpp">
      <Filter>Source Files</Filter>
    </ClCompile>
    <ClCompile Include="source\TextControl.cpp">
      <Filter>Source Files</Filter>
    </ClCompile>
    <ClCompile Include="source\Texture.cpp">
      <Filter>Source Files</Filter>
    </ClCompile>
    <ClCompile Include="source\TextureManager.cpp">
      <Filter>Source Files</Filter>
    </ClCompile>
    <ClCompile Include="source\Timer.cpp">
      <Filter>Source Files</Filter>
    </ClCompile>
    <ClCompile Include="source\WaveManager.cpp">
      <Filter>Source Files</Filter>
    </ClCompile>
    <ClCompile Include="source\Zombie.cpp">
      <Filter>Source Files</Filter>
    </ClCompile>
    <ClCompile Include="source\ZombieGraphicRepresentation.cpp">
      <Filter>Source Files</Filter>
    </ClCompile>
  </ItemGroup>
  <ItemGroup>
    <ResourceCompile Include="underground-survivor.rc">
      <Filter>Resource Files</Filter>
    </ResourceCompile>
  </ItemGroup>
</Project>